
Microsoft Visual Studio Solution File, Format Version 12.00
# Visual Studio Version 17
VisualStudioVersion = 17.3.32804.467
MinimumVisualStudioVersion = 10.0.40219.1
Project("{FAE04EC0-301F-11D3-BF4B-00C04F79EFBC}") = "POO.ejer3", "POO.ejer3\POO.ejer3.csproj", "{53F1C172-1CD0-4A1A-8B17-D217D2079BBF}"
EndProject
Global
	GlobalSection(SolutionConfigurationPlatforms) = preSolution
		Debug|Any CPU = Debug|Any CPU
		Release|Any CPU = Release|Any CPU
	EndGlobalSection
	GlobalSection(ProjectConfigurationPlatforms) = postSolution
		{53F1C172-1CD0-4A1A-8B17-D217D2079BBF}.Debug|Any CPU.ActiveCfg = Debug|Any CPU
		{53F1C172-1CD0-4A1A-8B17-D217D2079BBF}.Debug|Any CPU.Build.0 = Debug|Any CPU
		{53F1C172-1CD0-4A1A-8B17-D217D2079BBF}.Release|Any CPU.ActiveCfg = Release|Any CPU
		{53F1C172-1CD0-4A1A-8B17-D217D2079BBF}.Release|Any CPU.Build.0 = Release|Any CPU
	EndGlobalSection
	GlobalSection(SolutionProperties) = preSolution
		HideSolutionNode = FALSE
	EndGlobalSection
	GlobalSection(ExtensibilityGlobals) = postSolution
		SolutionGuid = {0F52DC08-96EF-4E4C-8290-20813D61EF5D}
	EndGlobalSection
EndGlobal
